
Microsoft Visual Studio Solution File, Format Version 12.00
# Visual Studio 15
VisualStudioVersion = 15.0.27130.2027
MinimumVisualStudioVersion = 10.0.40219.1
Project("{FAE04EC0-301F-11D3-BF4B-00C04F79EFBC}") = "ChangePassword", "ChangePassword\ChangePassword.csproj", "{8772868B-0DD1-4354-8749-73B2ABA8479E}"
EndProject
Global
	GlobalSection(SolutionConfigurationPlatforms) = preSolution
		Debug|Any CPU = Debug|Any CPU
		Release|Any CPU = Release|Any CPU
	EndGlobalSection
	GlobalSection(ProjectConfigurationPlatforms) = postSolution
		{8772868B-0DD1-4354-8749-73B2ABA8479E}.Debug|Any CPU.ActiveCfg = Debug|Any CPU
		{8772868B-0DD1-4354-8749-73B2ABA8479E}.Debug|Any CPU.Build.0 = Debug|Any CPU
		{8772868B-0DD1-4354-8749-73B2ABA8479E}.Release|Any CPU.ActiveCfg = Release|Any CPU
		{8772868B-0DD1-4354-8749-73B2ABA8479E}.Release|Any CPU.Build.0 = Release|Any CPU
	EndGlobalSection
	GlobalSection(SolutionProperties) = preSolution
		HideSolutionNode = FALSE
	EndGlobalSection
	GlobalSection(ExtensibilityGlobals) = postSolution
		SolutionGuid = {AF735BD7-4E4D-4145-9EFD-CD72A30A9B3F}
	EndGlobalSection
EndGlobal
